{
  "nodes": {
    "nixpkgs": {
      "locked": {
        "lastModified": 1744034527,
        "narHash": "sha256-STUB-run-nix-flake-lock-to-regenerate-this-file",
        "owner": "NixOS",
        "repo": "nixpkgs",
        "rev": "0000000000000000000000000000000000000000",
        "type": "github"
      },
      "original": {
        "owner": "NixOS",
        "ref": "nixos-unstable",
        "repo": "nixpkgs",
        "type": "github"
      }
    },
    "root": {
      "inputs": {
        "nixpkgs": "nixpkgs",
        "rust-overlay": "rust-overlay"
      }
    },
    "rust-overlay": {
      "inputs": {
        "nixpkgs": "nixpkgs"
      },
      "locked": {
        "lastModified": 1744034527,
        "narHash": "sha256-STUB-run-nix-flake-lock-to-regenerate-this-file",
        "owner": "oxalica",
        "repo": "rust-overlay",
        "rev": "0000000000000000000000000000000000000000",
        "type": "github"
      },
      "original": {
        "owner": "oxalica",
        "repo": "rust-overlay",
        "type": "github"
      }
    }
  },
  "root": "root",
  "version": 7
}
